
Microsoft Visual Studio Solution File, Format Version 12.00
# Visual Studio Version 16
VisualStudioVersion = 16.0.31005.135
MinimumVisualStudioVersion = 10.0.40219.1
Project("{8BC9CEB8-8B4A-11D0-8D11-00A0C91BC942}") = "FirstProject1", "FirstProject1\FirstProject1.vcxproj", "{53A09668-A690-4C5E-9F1D-641ACDCE259E}"
EndProject
Global
	GlobalSection(SolutionConfigurationPlatforms) = preSolution
		Debug|x64 = Debug|x64
		Debug|x86 = Debug|x86
		Release|x64 = Release|x64
		Release|x86 = Release|x86
	EndGlobalSection
	GlobalSection(ProjectConfigurationPlatforms) = postSolution
		{53A09668-A690-4C5E-9F1D-641ACDCE259E}.Debug|x64.ActiveCfg = Debug|x64
		{53A09668-A690-4C5E-9F1D-641ACDCE259E}.Debug|x64.Build.0 = Debug|x64
		{53A09668-A690-4C5E-9F1D-641ACDCE259E}.Debug|x86.ActiveCfg = Debug|Win32
		{53A09668-A690-4C5E-9F1D-641ACDCE259E}.Debug|x86.Build.0 = Debug|Win32
		{53A09668-A690-4C5E-9F1D-641ACDCE259E}.Release|x64.ActiveCfg = Release|x64
		{53A09668-A690-4C5E-9F1D-641ACDCE259E}.Release|x64.Build.0 = Release|x64
		{53A09668-A690-4C5E-9F1D-641ACDCE259E}.Release|x86.ActiveCfg = Release|Win32
		{53A09668-A690-4C5E-9F1D-641ACDCE259E}.Release|x86.Build.0 = Release|Win32
	EndGlobalSection
	GlobalSection(SolutionProperties) = preSolution
		HideSolutionNode = FALSE
	EndGlobalSection
	GlobalSection(ExtensibilityGlobals) = postSolution
		SolutionGuid = {BBF66ADF-038C-4D7E-B74C-17CB8EE8E9A2}
	EndGlobalSection
EndGlobal
